
Microsoft Visual Studio Solution File, Format Version 12.00
# Visual Studio 2017
Project("{FAE04EC0-301F-11D3-BF4B-00C04F79EFBC}") = "UnityPhysicsDemo", "UnityPhysicsDemo.csproj", "{80CA3EC2-70F7-8CFD-D2DF-CCB7D05C08BA}"
EndProject
Global
	GlobalSection(SolutionConfigurationPlatforms) = preSolution
		Debug|Any CPU = Debug|Any CPU
		Release|Any CPU = Release|Any CPU
	EndGlobalSection
	GlobalSection(ProjectConfigurationPlatforms) = postSolution
		{80CA3EC2-70F7-8CFD-D2DF-CCB7D05C08BA}.Debug|Any CPU.ActiveCfg = Debug|Any CPU
		{80CA3EC2-70F7-8CFD-D2DF-CCB7D05C08BA}.Debug|Any CPU.Build.0 = Debug|Any CPU
		{80CA3EC2-70F7-8CFD-D2DF-CCB7D05C08BA}.Release|Any CPU.ActiveCfg = Release|Any CPU
		{80CA3EC2-70F7-8CFD-D2DF-CCB7D05C08BA}.Release|Any CPU.Build.0 = Release|Any CPU
	EndGlobalSection
	GlobalSection(SolutionProperties) = preSolution
		HideSolutionNode = FALSE
	EndGlobalSection
EndGlobal
